// !$*UTF8*$!
{
	archiveVersion = 1;
	classes = {
	};
	objectVersion = 50;
	objects = {

/* Begin PBXBuildFile section */
		09419FDD21260824003A81D8 /* AppDelegate.swift in Sources */ = {isa = PBXBuildFile; fileRef = 09419FDC21260824003A81D8 /* AppDelegate.swift */; };
		09419FDF21260824003A81D8 /* FormContatoViewController.swift in Sources */ = {isa = PBXBuildFile; fileRef = 09419FDE21260824003A81D8 /* FormContatoViewController.swift */; };
		09419FE221260824003A81D8 /* Main.storyboard in Resources */ = {isa = PBXBuildFile; fileRef = 09419FE021260824003A81D8 /* Main.storyboard */; };
		09419FE421260826003A81D8 /* Assets.xcassets in Resources */ = {isa = PBXBuildFile; fileRef = 09419FE321260826003A81D8 /* Assets.xcassets */; };
		09419FE721260826003A81D8 /* LaunchScreen.storyboard in Resources */ = {isa = PBXBuildFile; fileRef = 09419FE521260826003A81D8 /* LaunchScreen.storyboard */; };
		09419FFB21260FE1003A81D8 /* DINNeuzeitGroteskStd-BdCond.otf in Resources */ = {isa = PBXBuildFile; fileRef = 09419FF221260FE0003A81D8 /* DINNeuzeitGroteskStd-BdCond.otf */; };
		09419FFC21260FE1003A81D8 /* DINMittelschriftStd.otf in Resources */ = {isa = PBXBuildFile; fileRef = 09419FF321260FE0003A81D8 /* DINMittelschriftStd.otf */; };
		09419FFD21260FE1003A81D8 /* DINPro-Bold.otf in Resources */ = {isa = PBXBuildFile; fileRef = 09419FF421260FE0003A81D8 /* DINPro-Bold.otf */; };
		09419FFE21260FE1003A81D8 /* DINNeuzeitGroteskStd-Light.otf in Resources */ = {isa = PBXBuildFile; fileRef = 09419FF521260FE0003A81D8 /* DINNeuzeitGroteskStd-Light.otf */; };
		09419FFF21260FE1003A81D8 /* DINPro-Black.otf in Resources */ = {isa = PBXBuildFile; fileRef = 09419FF621260FE0003A81D8 /* DINPro-Black.otf */; };
		0941A00021260FE1003A81D8 /* DINPro-Medium.otf in Resources */ = {isa = PBXBuildFile; fileRef = 09419FF721260FE0003A81D8 /* DINPro-Medium.otf */; };
		0941A00121260FE1003A81D8 /* DINPro-Light.otf in Resources */ = {isa = PBXBuildFile; fileRef = 09419FF821260FE0003A81D8 /* DINPro-Light.otf */; };
		0941A00221260FE1003A81D8 /* DINPro-Regular.otf in Resources */ = {isa = PBXBuildFile; fileRef = 09419FF921260FE1003A81D8 /* DINPro-Regular.otf */; };
		0941A00321260FE1003A81D8 /* DINEngschriftStd.otf in Resources */ = {isa = PBXBuildFile; fileRef = 09419FFA21260FE1003A81D8 /* DINEngschriftStd.otf */; };
		09EF4DDB212D8DEF00E033EA /* httpRequest.swift in Sources */ = {isa = PBXBuildFile; fileRef = 09EF4DDA212D8DEF00E033EA /* httpRequest.swift */; };
		FD274EC57A333564ED9FDCDA /* Pods_TesteiOS.framework in Frameworks */ = {isa = PBXBuildFile; fileRef = 9AD778CD715310FB16F23F2D /* Pods_TesteiOS.framework */; };
/* End PBXBuildFile section */

/* Begin PBXFileReference section */
		09419FD921260824003A81D8 /* TesteiOS.app */ = {isa = PBXFileReference; explicitFileType = wrapper.application; includeInIndex = 0; path = TesteiOS.app; sourceTree = BUILT_PRODUCTS_DIR; };
		09419FDC21260824003A81D8 /* AppDelegate.swift */ = {isa = PBXFileReference; lastKnownFileType = sourcecode.swift; path = AppDelegate.swift; sourceTree = "<group>"; };
		09419FDE21260824003A81D8 /* FormContatoViewController.swift */ = {isa = PBXFileReference; lastKnownFileType = sourcecode.swift; path = FormContatoViewController.swift; sourceTree = "<group>"; };
		09419FE121260824003A81D8 /* Base */ = {isa = PBXFileReference; lastKnownFileType = file.storyboard; name = Base; path = Base.lproj/Main.storyboard; sourceTree = "<group>"; };
		09419FE321260826003A81D8 /* Assets.xcassets */ = {isa = PBXFileReference; lastKnownFileType = folder.assetcatalog; path = Assets.xcassets; sourceTree = "<group>"; };
		09419FE621260826003A81D8 /* Base */ = {isa = PBXFileReference; lastKnownFileType = file.storyboard; name = Base; path = Base.lproj/LaunchScreen.storyboard; sourceTree = "<group>"; };
		09419FE821260826003A81D8 /* Info.plist */ = {isa = PBXFileReference; lastKnownFileType = text.plist.xml; path = Info.plist; sourceTree = "<group>"; };
		09419FF221260FE0003A81D8 /* DINNeuzeitGroteskStd-BdCond.otf */ = {isa = PBXFileReference; lastKnownFileType = file; path = "DINNeuzeitGroteskStd-BdCond.otf"; sourceTree = "<group>"; };
		09419FF321260FE0003A81D8 /* DINMittelschriftStd.otf */ = {isa = PBXFileReference; lastKnownFileType = file; path = DINMittelschriftStd.otf; sourceTree = "<group>"; };
		09419FF421260FE0003A81D8 /* DINPro-Bold.otf */ = {isa = PBXFileReference; lastKnownFileType = file; path = "DINPro-Bold.otf"; sourceTree = "<group>"; };
		09419FF521260FE0003A81D8 /* DINNeuzeitGroteskStd-Light.otf */ = {isa = PBXFileReference; lastKnownFileType = file; path = "DINNeuzeitGroteskStd-Light.otf"; sourceTree = "<group>"; };
		09419FF621260FE0003A81D8 /* DINPro-Black.otf */ = {isa = PBXFileReference; lastKnownFileType = file; path = "DINPro-Black.otf"; sourceTree = "<group>"; };
		09419FF721260FE0003A81D8 /* DINPro-Medium.otf */ = {isa = PBXFileReference; lastKnownFileType = file; path = "DINPro-Medium.otf"; sourceTree = "<group>"; };
		09419FF821260FE0003A81D8 /* DINPro-Light.otf */ = {isa = PBXFileReference; lastKnownFileType = file; path = "DINPro-Light.otf"; sourceTree = "<group>"; };
		09419FF921260FE1003A81D8 /* DINPro-Regular.otf */ = {isa = PBXFileReference; lastKnownFileType = file; path = "DINPro-Regular.otf"; sourceTree = "<group>"; };
		09419FFA21260FE1003A81D8 /* DINEngschriftStd.otf */ = {isa = PBXFileReference; lastKnownFileType = file; path = DINEngschriftStd.otf; sourceTree = "<group>"; };
		09EF4DDA212D8DEF00E033EA /* httpRequest.swift */ = {isa = PBXFileReference; lastKnownFileType = sourcecode.swift; path = httpRequest.swift; sourceTree = "<group>"; };
		2461DEA71C5DC6E9EA8B79A6 /* Pods-TesteiOS.release.xcconfig */ = {isa = PBXFileReference; includeInIndex = 1; lastKnownFileType = text.xcconfig; name = "Pods-TesteiOS.release.xcconfig"; path = "Pods/Target Support Files/Pods-TesteiOS/Pods-TesteiOS.release.xcconfig"; sourceTree = "<group>"; };
		4ED32422CD940A91C334F895 /* Pods-TesteiOS.debug.xcconfig */ = {isa = PBXFileReference; includeInIndex = 1; lastKnownFileType = text.xcconfig; name = "Pods-TesteiOS.debug.xcconfig"; path = "Pods/Target Support Files/Pods-TesteiOS/Pods-TesteiOS.debug.xcconfig"; sourceTree = "<group>"; };
		9AD778CD715310FB16F23F2D /* Pods_TesteiOS.framework */ = {isa = PBXFileReference; explicitFileType = wrapper.framework; includeInIndex = 0; path = Pods_TesteiOS.framework; sourceTree = BUILT_PRODUCTS_DIR; };
/* End PBXFileReference section */

/* Begin PBXFrameworksBuildPhase section */
		09419FD621260824003A81D8 /* Frameworks */ = {
			isa = PBXFrameworksBuildPhase;
			buildActionMask = 2147483647;
			files = (
				FD274EC57A333564ED9FDCDA /* Pods_TesteiOS.framework in Frameworks */,
			);
			runOnlyForDeploymentPostprocessing = 0;
		};
/* End PBXFrameworksBuildPhase section */

/* Begin PBXGroup section */
		09419FD021260824003A81D8 = {
			isa = PBXGroup;
			children = (
				09419FDB21260824003A81D8 /* TesteiOS */,
				09419FDA21260824003A81D8 /* Products */,
				1583658CBDED94C3B6E312F6 /* Pods */,
				B8A5F696D921DF6BDCAA2EFF /* Frameworks */,
			);
			sourceTree = "<group>";
		};
		09419FDA21260824003A81D8 /* Products */ = {
			isa = PBXGroup;
			children = (
				09419FD921260824003A81D8 /* TesteiOS.app */,
			);
			name = Products;
			sourceTree = "<group>";
		};
		09419FDB21260824003A81D8 /* TesteiOS */ = {
			isa = PBXGroup;
			children = (
				09EF4DD9212D8DC200E033EA /* services */,
				09419FF121260F89003A81D8 /* resourses */,
				09419FF021260967003A81D8 /* Controller */,
				09419FEF2126095A003A81D8 /* View */,
				09419FEE2126094E003A81D8 /* Model */,
				09419FDC21260824003A81D8 /* AppDelegate.swift */,
				09419FE321260826003A81D8 /* Assets.xcassets */,
				09419FE821260826003A81D8 /* Info.plist */,
			);
			path = TesteiOS;
			sourceTree = "<group>";
		};
		09419FEE2126094E003A81D8 /* Model */ = {
			isa = PBXGroup;
			children = (
			);
			path = Model;
			sourceTree = "<group>";
		};
		09419FEF2126095A003A81D8 /* View */ = {
			isa = PBXGroup;
			children = (
				09419FE021260824003A81D8 /* Main.storyboard */,
				09419FE521260826003A81D8 /* LaunchScreen.storyboard */,
			);
			path = View;
			sourceTree = "<group>";
		};
		09419FF021260967003A81D8 /* Controller */ = {
			isa = PBXGroup;
			children = (
				09419FDE21260824003A81D8 /* FormContatoViewController.swift */,
			);
			path = Controller;
			sourceTree = "<group>";
		};
		09419FF121260F89003A81D8 /* resourses */ = {
			isa = PBXGroup;
			children = (
				09419FFA21260FE1003A81D8 /* DINEngschriftStd.otf */,
				09419FF321260FE0003A81D8 /* DINMittelschriftStd.otf */,
				09419FF221260FE0003A81D8 /* DINNeuzeitGroteskStd-BdCond.otf */,
				09419FF521260FE0003A81D8 /* DINNeuzeitGroteskStd-Light.otf */,
				09419FF621260FE0003A81D8 /* DINPro-Black.otf */,
				09419FF421260FE0003A81D8 /* DINPro-Bold.otf */,
				09419FF821260FE0003A81D8 /* DINPro-Light.otf */,
				09419FF721260FE0003A81D8 /* DINPro-Medium.otf */,
				09419FF921260FE1003A81D8 /* DINPro-Regular.otf */,
			);
			path = resourses;
			sourceTree = "<group>";
		};
		09EF4DD9212D8DC200E033EA /* services */ = {
			isa = PBXGroup;
			children = (
				09EF4DDA212D8DEF00E033EA /* httpRequest.swift */,
			);
			path = services;
			sourceTree = "<group>";
		};
		1583658CBDED94C3B6E312F6 /* Pods */ = {
			isa = PBXGroup;
			children = (
				4ED32422CD940A91C334F895 /* Pods-TesteiOS.debug.xcconfig */,
				2461DEA71C5DC6E9EA8B79A6 /* Pods-TesteiOS.release.xcconfig */,
			);
			name = Pods;
			sourceTree = "<group>";
		};
		B8A5F696D921DF6BDCAA2EFF /* Frameworks */ = {
			isa = PBXGroup;
			children = (
				9AD778CD715310FB16F23F2D /* Pods_TesteiOS.framework */,
			);
			name = Frameworks;
			sourceTree = "<group>";
		};
/* End PBXGroup section */

/* Begin PBXNativeTarget section */
		09419FD821260824003A81D8 /* TesteiOS */ = {
			isa = PBXNativeTarget;
			buildConfigurationList = 09419FEB21260826003A81D8 /* Build configuration list for PBXNativeTarget "TesteiOS" */;
			buildPhases = (
				C9F4B4C5FB253C01CE006E05 /* [CP] Check Pods Manifest.lock */,
				09419FD521260824003A81D8 /* Sources */,
				09419FD621260824003A81D8 /* Frameworks */,
				09419FD721260824003A81D8 /* Resources */,
				01A9592B3911D8C1AA53A923 /* [CP] Embed Pods Frameworks */,
			);
			buildRules = (
			);
			dependencies = (
			);
			name = TesteiOS;
			productName = TesteiOS;
			productReference = 09419FD921260824003A81D8 /* TesteiOS.app */;
			productType = "com.apple.product-type.application";
		};
/* End PBXNativeTarget section */

/* Begin PBXProject section */
		09419FD121260824003A81D8 /* Project object */ = {
			isa = PBXProject;
			attributes = {
				LastSwiftUpdateCheck = 0940;
				LastUpgradeCheck = 0940;
				ORGANIZATIONNAME = "Ronaldo Cagliari";
				TargetAttributes = {
					09419FD821260824003A81D8 = {
						CreatedOnToolsVersion = 9.4.1;
						LastSwiftMigration = 1000;
					};
				};
			};
			buildConfigurationList = 09419FD421260824003A81D8 /* Build configuration list for PBXProject "TesteiOS" */;
			compatibilityVersion = "Xcode 9.3";
			developmentRegion = en;
			hasScannedForEncodings = 0;
			knownRegions = (
				en,
				Base,
			);
			mainGroup = 09419FD021260824003A81D8;
			productRefGroup = 09419FDA21260824003A81D8 /* Products */;
			projectDirPath = "";
			projectRoot = "";
			targets = (
				09419FD821260824003A81D8 /* TesteiOS */,
			);
		};
/* End PBXProject section */

/* Begin PBXResourcesBuildPhase section */
		09419FD721260824003A81D8 /* Resources */ = {
			isa = PBXResourcesBuildPhase;
			buildActionMask = 2147483647;
			files = (
				09419FE721260826003A81D8 /* LaunchScreen.storyboard in Resources */,
				09419FE421260826003A81D8 /* Assets.xcassets in Resources */,
				0941A00121260FE1003A81D8 /* DINPro-Light.otf in Resources */,
				09419FFB21260FE1003A81D8 /* DINNeuzeitGroteskStd-BdCond.otf in Resources */,
				09419FE221260824003A81D8 /* Main.storyboard in Resources */,
				0941A00221260FE1003A81D8 /* DINPro-Regular.otf in Resources */,
				0941A00321260FE1003A81D8 /* DINEngschriftStd.otf in Resources */,
				09419FFD21260FE1003A81D8 /* DINPro-Bold.otf in Resources */,
				09419FFF21260FE1003A81D8 /* DINPro-Black.otf in Resources */,
				09419FFC21260FE1003A81D8 /* DINMittelschriftStd.otf in Resources */,
				0941A00021260FE1003A81D8 /* DINPro-Medium.otf in Resources */,
				09419FFE21260FE1003A81D8 /* DINNeuzeitGroteskStd-Light.otf in Resources */,
			);
			runOnlyForDeploymentPostprocessing = 0;
		};
/* End PBXResourcesBuildPhase section */

/* Begin PBXShellScriptBuildPhase section */
		01A9592B3911D8C1AA53A923 /* [CP] Embed Pods Frameworks */ = {
			isa = PBXShellScriptBuildPhase;
			buildActionMask = 2147483647;
			files = (
			);
			inputFileListPaths = (
			);
			inputPaths = (
				"${SRCROOT}/Pods/Target Support Files/Pods-TesteiOS/Pods-TesteiOS-frameworks.sh",
				"${BUILT_PRODUCTS_DIR}/M13Checkbox/M13Checkbox.framework",
				"${BUILT_PRODUCTS_DIR}/TextFieldEffects/TextFieldEffects.framework",
			);
			name = "[CP] Embed Pods Frameworks";
			outputFileListPaths = (
			);
			outputPaths = (
				"${TARGET_BUILD_DIR}/${FRAMEWORKS_FOLDER_PATH}/M13Checkbox.framework",
				"${TARGET_BUILD_DIR}/${FRAMEWORKS_FOLDER_PATH}/TextFieldEffects.framework",
			);
			runOnlyForDeploymentPostprocessing = 0;
			shellPath = /bin/sh;
			shellScript = "\"${SRCROOT}/Pods/Target Support Files/Pods-TesteiOS/Pods-TesteiOS-frameworks.sh\"\n";
			showEnvVarsInLog = 0;
		};
		C9F4B4C5FB253C01CE006E05 /* [CP] Check Pods Manifest.lock */ = {
			isa = PBXShellScriptBuildPhase;
			buildActionMask = 2147483647;
			files = (
			);
			inputFileListPaths = (
			);
			inputPaths = (
				"${PODS_PODFILE_DIR_PATH}/Podfile.lock",
				"${PODS_ROOT}/Manifest.lock",
			);
			name = "[CP] Check Pods Manifest.lock";
			outputFileListPaths = (
			);
			outputPaths = (
				"$(DERIVED_FILE_DIR)/Pods-TesteiOS-checkManifestLockResult.txt",
			);
			runOnlyForDeploymentPostprocessing = 0;
			shellPath = /bin/sh;
			shellScript = "diff \"${PODS_PODFILE_DIR_PATH}/Podfile.lock\" \"${PODS_ROOT}/Manifest.lock\" > /dev/null\nif [ $? != 0 ] ; then\n    # print error to STDERR\n    echo \"error: The sandbox is not in sync with the Podfile.lock. Run 'pod install' or update your CocoaPods installation.\" >&2\n    exit 1\nfi\n# This output is used by Xcode 'outputs' to avoid re-running this script phase.\necho \"SUCCESS\" > \"${SCRIPT_OUTPUT_FILE_0}\"\n";
			showEnvVarsInLog = 0;
		};
/* End PBXShellScriptBuildPhase section */

/* Begin PBXSourcesBuildPhase section */
		09419FD521260824003A81D8 /* Sources */ = {
			isa = PBXSourcesBuildPhase;
			buildActionMask = 2147483647;
			files = (
				09EF4DDB212D8DEF00E033EA /* httpRequest.swift in Sources */,
				09419FDF21260824003A81D8 /* FormContatoViewController.swift in Sources */,
				09419FDD21260824003A81D8 /* AppDelegate.swift in Sources */,
			);
			runOnlyForDeploymentPostprocessing = 0;
		};
/* End PBXSourcesBuildPhase section */

/* Begin PBXVariantGroup section */
		09419FE021260824003A81D8 /* Main.storyboard */ = {
			isa = PBXVariantGroup;
			children = (
				09419FE121260824003A81D8 /* Base */,
			);
			name = Main.storyboard;
			sourceTree = "<group>";
		};
		09419FE521260826003A81D8 /* LaunchScreen.storyboard */ = {
			isa = PBXVariantGroup;
			children = (
				09419FE621260826003A81D8 /* Base */,
			);
			name = LaunchScreen.storyboard;
			sourceTree = "<group>";
		};
/* End PBXVariantGroup section */

/* Begin XCBuildConfiguration section */
		09419FE921260826003A81D8 /* Debug */ = {
			isa = XCBuildConfiguration;
			buildSettings = {
				ALWAYS_SEARCH_USER_PATHS = NO;
				CLANG_ANALYZER_NONNULL = YES;
				CLANG_ANALYZER_NUMBER_OBJECT_CONVERSION = YES_AGGRESSIVE;
				CLANG_CXX_LANGUAGE_STANDARD = "gnu++14";
				CLANG_CXX_LIBRARY = "libc++";
				CLANG_ENABLE_MODULES = YES;
				CLANG_ENABLE_OBJC_ARC = YES;
				CLANG_ENABLE_OBJC_WEAK = YES;
				CLANG_WARN_BLOCK_CAPTURE_AUTORELEASING = YES;
				CLANG_WARN_BOOL_CONVERSION = YES;
				CLANG_WARN_COMMA = YES;
				CLANG_WARN_CONSTANT_CONVERSION = YES;
				CLANG_WARN_DEPRECATED_OBJC_IMPLEMENTATIONS = YES;
				CLANG_WARN_DIRECT_OBJC_ISA_USAGE = YES_ERROR;
				CLANG_WARN_DOCUMENTATION_COMMENTS = YES;
				CLANG_WARN_EMPTY_BODY = YES;
				CLANG_WARN_ENUM_CONVERSION = YES;
				CLANG_WARN_INFINITE_RECURSION = YES;
				CLANG_WARN_INT_CONVERSION = YES;
				CLANG_WARN_NON_LITERAL_NULL_CONVERSION = YES;
				CLANG_WARN_OBJC_IMPLICIT_RETAIN_SELF = YES;
				CLANG_WARN_OBJC_LITERAL_CONVERSION = YES;
				CLANG_WARN_OBJC_ROOT_CLASS = YES_ERROR;
				CLANG_WARN_RANGE_LOOP_ANALYSIS = YES;
				CLANG_WARN_STRICT_PROTOTYPES = YES;
				CLANG_WARN_SUSPICIOUS_MOVE = YES;
				CLANG_WARN_UNGUARDED_AVAILABILITY = YES_AGGRESSIVE;
				CLANG_WARN_UNREACHABLE_CODE = YES;
				CLANG_WARN__DUPLICATE_METHOD_MATCH = YES;
				CODE_SIGN_IDENTITY = "iPhone Developer";
				COPY_PHASE_STRIP = NO;
				DEBUG_INFORMATION_FORMAT = dwarf;
				ENABLE_STRICT_OBJC_MSGSEND = YES;
				ENABLE_TESTABILITY = YES;
				GCC_C_LANGUAGE_STANDARD = gnu11;
				GCC_DYNAMIC_NO_PIC = NO;
				GCC_NO_COMMON_BLOCKS = YES;
				GCC_OPTIMIZATION_LEVEL = 0;
				GCC_PREPROCESSOR_DEFINITIONS = (
					"DEBUG=1",
					"$(inherited)",
				);
				GCC_WARN_64_TO_32_BIT_CONVERSION = YES;
				GCC_WARN_ABOUT_RETURN_TYPE = YES_ERROR;
				GCC_WARN_UNDECLARED_SELECTOR = YES;
				GCC_WARN_UNINITIALIZED_AUTOS = YES_AGGRESSIVE;
				GCC_WARN_UNUSED_FUNCTION = YES;
				GCC_WARN_UNUSED_VARIABLE = YES;
				IPHONEOS_DEPLOYMENT_TARGET = 11.4;
				MTL_ENABLE_DEBUG_INFO = YES;
				ONLY_ACTIVE_ARCH = YES;
				SDKROOT = iphoneos;
				SWIFT_ACTIVE_COMPILATION_CONDITIONS = DEBUG;
				SWIFT_OPTIMIZATION_LEVEL = "-Onone";
			};
			name = Debug;
		};
		09419FEA21260826003A81D8 /* Release */ = {
			isa = XCBuildConfiguration;
			buildSettings = {
				ALWAYS_SEARCH_USER_PATHS = NO;
				CLANG_ANALYZER_NONNULL = YES;
				CLANG_ANALYZER_NUMBER_OBJECT_CONVERSION = YES_AGGRESSIVE;
				CLANG_CXX_LANGUAGE_STANDARD = "gnu++14";
				CLANG_CXX_LIBRARY = "libc++";
				CLANG_ENABLE_MODULES = YES;
				CLANG_ENABLE_OBJC_ARC = YES;
				CLANG_ENABLE_OBJC_WEAK = YES;
				CLANG_WARN_BLOCK_CAPTURE_AUTORELEASING = YES;
				CLANG_WARN_BOOL_CONVERSION = YES;
				CLANG_WARN_COMMA = YES;
				CLANG_WARN_CONSTANT_CONVERSION = YES;
				CLANG_WARN_DEPRECATED_OBJC_IMPLEMENTATIONS = YES;
				CLANG_WARN_DIRECT_OBJC_ISA_USAGE = YES_ERROR;
				CLANG_WARN_DOCUMENTATION_COMMENTS = YES;
				CLANG_WARN_EMPTY_BODY = YES;
				CLANG_WARN_ENUM_CONVERSION = YES;
				CLANG_WARN_INFINITE_RECURSION = YES;
				CLANG_WARN_INT_CONVERSION = YES;
				CLANG_WARN_NON_LITERAL_NULL_CONVERSION = YES;
				CLANG_WARN_OBJC_IMPLICIT_RETAIN_SELF = YES;
				CLANG_WARN_OBJC_LITERAL_CONVERSION = YES;
				CLANG_WARN_OBJC_ROOT_CLASS = YES_ERROR;
				CLANG_WARN_RANGE_LOOP_ANALYSIS = YES;
				CLANG_WARN_STRICT_PROTOTYPES = YES;
				CLANG_WARN_SUSPICIOUS_MOVE = YES;
				CLANG_WARN_UNGUARDED_AVAILABILITY = YES_AGGRESSIVE;
				CLANG_WARN_UNREACHABLE_CODE = YES;
				CLANG_WARN__DUPLICATE_METHOD_MATCH = YES;
				CODE_SIGN_IDENTITY = "iPhone Developer";
				COPY_PHASE_STRIP = NO;
				DEBUG_INFORMATION_FORMAT = "dwarf-with-dsym";
				ENABLE_NS_ASSERTIONS = NO;
				ENABLE_STRICT_OBJC_MSGSEND = YES;
				GCC_C_LANGUAGE_STANDARD = gnu11;
				GCC_NO_COMMON_BLOCKS = YES;
				GCC_WARN_64_TO_32_BIT_CONVERSION = YES;
				GCC_WARN_ABOUT_RETURN_TYPE = YES_ERROR;
				GCC_WARN_UNDECLARED_SELECTOR = YES;
				GCC_WARN_UNINITIALIZED_AUTOS = YES_AGGRESSIVE;
				GCC_WARN_UNUSED_FUNCTION = YES;
				GCC_WARN_UNUSED_VARIABLE = YES;
				IPHONEOS_DEPLOYMENT_TARGET = 11.4;
				MTL_ENABLE_DEBUG_INFO = NO;
				SDKROOT = iphoneos;
				SWIFT_COMPILATION_MODE = wholemodule;
				SWIFT_OPTIMIZATION_LEVEL = "-O";
				VALIDATE_PRODUCT = YES;
			};
			name = Release;
		};
		09419FEC21260826003A81D8 /* Debug */ = {
			isa = XCBuildConfiguration;
			baseConfigurationReference = 4ED32422CD940A91C334F895 /* Pods-TesteiOS.debug.xcconfig */;
			buildSettings = {
				ASSETCATALOG_COMPILER_APPICON_NAME = AppIcon;
				CODE_SIGN_STYLE = Automatic;
				DEVELOPMENT_TEAM = A6NA384NJG;
				INFOPLIST_FILE = TesteiOS/Info.plist;
				IPHONEOS_DEPLOYMENT_TARGET = 9.0;
				LD_RUNPATH_SEARCH_PATHS = (
					"$(inherited)",
					"@executable_path/Frameworks",
				);
				PRODUCT_BUNDLE_IDENTIFIER = tresrw.com.br.TesteiOS;
				PRODUCT_NAME = "$(TARGET_NAME)";
				SWIFT_VERSION = 4.2;
				TARGETED_DEVICE_FAMILY = "1,2";
			};
			name = Debug;
		};
		09419FED21260826003A81D8 /* Release */ = {
			isa = XCBuildConfiguration;
			baseConfigurationReference = 2461DEA71C5DC6E9EA8B79A6 /* Pods-TesteiOS.release.xcconfig */;
			buildSettings = {
				ASSETCATALOG_COMPILER_APPICON_NAME = AppIcon;
				CODE_SIGN_STYLE = Automatic;
				DEVELOPMENT_TEAM = A6NA384NJG;
				INFOPLIST_FILE = TesteiOS/Info.plist;
				IPHONEOS_DEPLOYMENT_TARGET = 9.0;
				LD_RUNPATH_SEARCH_PATHS = (
					"$(inherited)",
					"@executable_path/Frameworks",
				);
				PRODUCT_BUNDLE_IDENTIFIER = tresrw.com.br.TesteiOS;
				PRODUCT_NAME = "$(TARGET_NAME)";
				SWIFT_VERSION = 4.2;
				TARGETED_DEVICE_FAMILY = "1,2";
			};
			name = Release;
		};
/* End XCBuildConfiguration section */

/* Begin XCConfigurationList section */
		09419FD421260824003A81D8 /* Build configuration list for PBXProject "TesteiOS" */ = {
			isa = XCConfigurationList;
			buildConfigurations = (
				09419FE921260826003A81D8 /* Debug */,
				09419FEA21260826003A81D8 /* Release */,
			);
			defaultConfigurationIsVisible = 0;
			defaultConfigurationName = Release;
		};
		09419FEB21260826003A81D8 /* Build configuration list for PBXNativeTarget "TesteiOS" */ = {
			isa = XCConfigurationList;
			buildConfigurations = (
				09419FEC21260826003A81D8 /* Debug */,
				09419FED21260826003A81D8 /* Release */,
			);
			defaultConfigurationIsVisible = 0;
			defaultConfigurationName = Release;
		};
/* End XCConfigurationList section */
	};
	rootObject = 09419FD121260824003A81D8 /* Project object */;
}
